<?xml version="1.0" encoding="utf-8"?>
<Project ToolsVersion="4.0" xmlns="http://schemas.microsoft.com/developer/msbuild/2003">
  <ItemGroup>
    <Filter Include="Source Files">
      <UniqueIdentifier>{4FC737F1-C7A5-4376-A066-2A32D752A2FF}</UniqueIdentifier>
      <Extensions>cpp;c;cc;cxx;def;odl;idl;hpj;bat;asm;asmx</Extensions>
    </Filter>
    <Filter Include="Resource Files">
      <UniqueIdentifier>{67DA6AB6-F800-4c08-8B7A-83BB121AAD01}</UniqueIdentifier>
      <Extensions>rc;ico;cur;bmp;dlg;rc2;rct;bin;rgs;gif;jpg;jpeg;jpe;resx;tiff;tif;png;wav</Extensions>
    </Filter>
    <Filter Include="generated">
      <UniqueIdentifier>{bfb47e29-68f3-48bd-86c2-46b9f63d2597}</UniqueIdentifier>
    </Filter>
    <Filter Include="Source Files\simulation">
      <UniqueIdentifier>{2f66ed8c-ddf2-412c-b2c2-91b98e500ee9}</UniqueIdentifier>
    </Filter>
    <Filter Include="Source Files\simulation\element">
      <UniqueIdentifier>{3a240e4a-adcd-4dd3-98eb-7fa7e19ae477}</UniqueIdentifier>
    </Filter>
    <Filter Include="data">
      <UniqueIdentifier>{fc5911e1-d5ba-4da3-9cfa-5631c6914487}</UniqueIdentifier>
    </Filter>
    <Filter Include="Source Files\libs">
      <UniqueIdentifier>{fcc3f1b2-8ebb-421e-9554-880ae4fa980f}</UniqueIdentifier>
    </Filter>
    <Filter Include="Source Files\libs\bson">
      <UniqueIdentifier>{0555518f-8c95-4d4b-ac7b-c14ae02a68b2}</UniqueIdentifier>
    </Filter>
    <Filter Include="Source Files\libs\luasocket">
      <UniqueIdentifier>{fad325db-f67d-4f23-acb8-5f69b7bd1ffa}</UniqueIdentifier>
    </Filter>
    <Filter Include="Source Files\libs\sdl">
      <UniqueIdentifier>{2b4bad6e-0e2c-4b80-864f-5e60acf616d5}</UniqueIdentifier>
    </Filter>
    <Filter Include="Source Files\client">
      <UniqueIdentifier>{ce09b22f-ec7c-4f33-a954-413a1e02cbf0}</UniqueIdentifier>
    </Filter>
    <Filter Include="Source Files\client\requestbroker">
      <UniqueIdentifier>{26efc999-0b9c-44bd-b1f4-c6a668e21c02}</UniqueIdentifier>
    </Filter>
    <Filter Include="Source Files\debug">
      <UniqueIdentifier>{dcce82c4-d634-4ab0-8254-52a7a3ae8f6c}</UniqueIdentifier>
    </Filter>
    <Filter Include="Source Files\graphics">
      <UniqueIdentifier>{a19e6a86-2d82-4489-8f97-58ec276c7a3d}</UniqueIdentifier>
    </Filter>
    <Filter Include="Source Files\gui">
      <UniqueIdentifier>{b51b84ce-8c19-491c-a0fc-5769171774ca}</UniqueIdentifier>
    </Filter>
    <Filter Include="Source Files\interface">
      <UniqueIdentifier>{f4ed0c6b-4dd0-48a2-86ee-2312f9949ee7}</UniqueIdentifier>
    </Filter>
    <Filter Include="Source Files\gui\colorpicker">
      <UniqueIdentifier>{b4c36aeb-0d90-4d2b-a41f-d4a863dd5c2c}</UniqueIdentifier>
    </Filter>
    <Filter Include="Source Files\gui\console">
      <UniqueIdentifier>{9d32bf3e-afad-416c-b598-07a1922238fb}</UniqueIdentifier>
    </Filter>
    <Filter Include="Source Files\gui\dialogs">
      <UniqueIdentifier>{e52cdda1-9fb5-4846-ab0c-54d2022baf5b}</UniqueIdentifier>
    </Filter>
    <Filter Include="Source Files\gui\elementsearch">
      <UniqueIdentifier>{fd95c8b6-2b0d-4909-846d-dcd7ab84aee5}</UniqueIdentifier>
    </Filter>
    <Filter Include="Source Files\gui\localsavebrowser">
      <UniqueIdentifier>{1965d6bc-6dea-4118-be07-7bafa8fba993}</UniqueIdentifier>
    </Filter>
    <Filter Include="Source Files\gui\login">
      <UniqueIdentifier>{c3400840-60d1-431e-b3fe-7630e0784c13}</UniqueIdentifier>
    </Filter>
    <Filter Include="Source Files\gui\options">
      <UniqueIdentifier>{7185f645-b3bf-41b1-95d0-07ece4dfc5f1}</UniqueIdentifier>
    </Filter>
    <Filter Include="Source Files\gui\savepreview">
      <UniqueIdentifier>{102296e2-e03f-46d0-8a0e-2c51f93dba69}</UniqueIdentifier>
    </Filter>
    <Filter Include="Source Files\gui\onlinesavebrowser">
      <UniqueIdentifier>{3361c538-3d47-454c-8371-e9d8aaa0a44d}</UniqueIdentifier>
    </Filter>
    <Filter Include="Source Files\gui\tags">
      <UniqueIdentifier>{ea21e8a4-a309-4b66-862b-7e74a04f5581}</UniqueIdentifier>
    </Filter>
    <Filter Include="Source Files\gui\stampbrowser">
      <UniqueIdentifier>{9344dedf-697a-4e91-a09c-d857b6e3e0b6}</UniqueIdentifier>
    </Filter>
    <Filter Include="Source Files\gui\updateconfirmation">
      <UniqueIdentifier>{f9dd9dea-a7ae-4a13-9584-489ad29be809}</UniqueIdentifier>
    </Filter>
    <Filter Include="Source Files\gui\renderoptions">
      <UniqueIdentifier>{d95da844-a210-40bd-b0a8-15592cd3c6a4}</UniqueIdentifier>
    </Filter>
    <Filter Include="Source Files\gui\profileviewer">
      <UniqueIdentifier>{d82dbe85-29d8-4b5c-b97a-89e658703922}</UniqueIdentifier>
    </Filter>
    <Filter Include="Source Files\game">
      <UniqueIdentifier>{8e6f7ba8-9268-4525-a1a4-0491b1f803ae}</UniqueIdentifier>
    </Filter>
    <Filter Include="Source Files\lua">
      <UniqueIdentifier>{2c1c56c4-3189-4b87-8e0a-7863ba15dd11}</UniqueIdentifier>
    </Filter>
    <Filter Include="Source Files\lua\interfaceapi">
      <UniqueIdentifier>{a3438d9a-4db5-4237-a5e0-dec8749a613c}</UniqueIdentifier>
    </Filter>
    <Filter Include="Source Files\lua\oldconsole">
      <UniqueIdentifier>{4ee79db4-6a86-4dc4-95e7-40cc7748cf9f}</UniqueIdentifier>
    </Filter>
    <Filter Include="Source Files\libs\luabit">
      <UniqueIdentifier>{fc86f4d2-5d18-444c-a939-06a9cc9f2daa}</UniqueIdentifier>
    </Filter>
    <Filter Include="Source Files\libs\lua">
      <UniqueIdentifier>{b6c854af-901a-47c2-8a2f-82d9b94f5e3c}</UniqueIdentifier>
    </Filter>
    <Filter Include="Source Files\libs\resampler">
      <UniqueIdentifier>{99b6891a-85d2-485d-a220-5512941a40c9}</UniqueIdentifier>
    </Filter>
    <Filter Include="Source Files\client\tasks">
      <UniqueIdentifier>{91ffbbec-7601-41ea-89b5-d74c2ca55665}</UniqueIdentifier>
    </Filter>
    <Filter Include="Source Files\simulation\toolmenutools">
      <UniqueIdentifier>{bebd671f-2647-4d3e-9570-b421067dc8a2}</UniqueIdentifier>
    </Filter>
    <Filter Include="Source Files\gui\saveupload">
      <UniqueIdentifier>{a8f1a9d7-a4e3-4ba5-af75-8d4d2a858435}</UniqueIdentifier>
    </Filter>
    <Filter Include="Source Files\gui\localsavecreate">
      <UniqueIdentifier>{aeb9ecfa-70a9-49a2-8711-3fd7cd942381}</UniqueIdentifier>
    </Filter>
    <Filter Include="Source Files\libs\json">
      <UniqueIdentifier>{c316c98b-d149-4f76-b11e-84a09587d91d}</UniqueIdentifier>
    </Filter>
    <Filter Include="Source Files\common">
      <UniqueIdentifier>{f8471e32-0083-41c5-9537-9e0187e5f5cb}</UniqueIdentifier>
    </Filter>
  </ItemGroup>
  <ItemGroup>
    <ClCompile Include="generated\ElementClasses.cpp">
      <Filter>generated</Filter>
    </ClCompile>
    <ClCompile Include="generated\ToolClasses.cpp">
      <Filter>generated</Filter>
    </ClCompile>
    <ClCompile Include="src\simulation\elements\116.cpp">
      <Filter>Source Files\simulation\element</Filter>
    </ClCompile>
    <ClCompile Include="src\simulation\elements\146.cpp">
      <Filter>Source Files\simulation\element</Filter>
    </ClCompile>
    <ClCompile Include="src\simulation\elements\ACEL.cpp">
      <Filter>Source Files\simulation\element</Filter>
    </ClCompile>
    <ClCompile Include="src\simulation\elements\ACID.cpp">
      <Filter>Source Files\simulation\element</Filter>
    </ClCompile>
    <ClCompile Include="src\simulation\elements\AMTR.cpp">
      <Filter>Source Files\simulation\element</Filter>
    </ClCompile>
    <ClCompile Include="src\simulation\elements\ANAR.cpp">
      <Filter>Source Files\simulation\element</Filter>
    </ClCompile>
    <ClCompile Include="src\simulation\elements\ARAY.cpp">
      <Filter>Source Files\simulation\element</Filter>
    </ClCompile>
    <ClCompile Include="src\simulation\elements\BANG.cpp">
      <Filter>Source Files\simulation\element</Filter>
    </ClCompile>
    <ClCompile Include="src\simulation\elements\BCLN.cpp">
      <Filter>Source Files\simulation\element</Filter>
    </ClCompile>
    <ClCompile Include="src\simulation\elements\BCOL.cpp">
      <Filter>Source Files\simulation\element</Filter>
    </ClCompile>
    <ClCompile Include="src\simulation\elements\BGLA.cpp">
      <Filter>Source Files\simulation\element</Filter>
    </ClCompile>
    <ClCompile Include="src\simulation\elements\BHOL.cpp">
      <Filter>Source Files\simulation\element</Filter>
    </ClCompile>
    <ClCompile Include="src\simulation\elements\BIZR.cpp">
      <Filter>Source Files\simulation\element</Filter>
    </ClCompile>
    <ClCompile Include="src\simulation\elements\BIZRG.cpp">
      <Filter>Source Files\simulation\element</Filter>
    </ClCompile>
    <ClCompile Include="src\simulation\elements\BIZRS.cpp">
      <Filter>Source Files\simulation\element</Filter>
    </ClCompile>
    <ClCompile Include="src\simulation\elements\BMTL.cpp">
      <Filter>Source Files\simulation\element</Filter>
    </ClCompile>
    <ClCompile Include="src\simulation\elements\BOMB.cpp">
      <Filter>Source Files\simulation\element</Filter>
    </ClCompile>
    <ClCompile Include="src\simulation\elements\BOYL.cpp">
      <Filter>Source Files\simulation\element</Filter>
    </ClCompile>
    <ClCompile Include="src\simulation\elements\BRAY.cpp">
      <Filter>Source Files\simulation\element</Filter>
    </ClCompile>
    <ClCompile Include="src\simulation\elements\BRCK.cpp">
      <Filter>Source Files\simulation\element</Filter>
    </ClCompile>
    <ClCompile Include="src\simulation\elements\BREC.cpp">
      <Filter>Source Files\simulation\element</Filter>
    </ClCompile>
    <ClCompile Include="src\simulation\elements\BRMT.cpp">
      <Filter>Source Files\simulation\element</Filter>
    </ClCompile>
    <ClCompile Include="src\simulation\elements\BTRY.cpp">
      <Filter>Source Files\simulation\element</Filter>
    </ClCompile>
    <ClCompile Include="src\simulation\elements\BVBR.cpp">
      <Filter>Source Files\simulation\element</Filter>
    </ClCompile>
    <ClCompile Include="src\simulation\elements\C5.cpp">
      <Filter>Source Files\simulation\element</Filter>
    </ClCompile>
    <ClCompile Include="src\simulation\elements\CAUS.cpp">
      <Filter>Source Files\simulation\element</Filter>
    </ClCompile>
    <ClCompile Include="src\simulation\elements\CBNW.cpp">
      <Filter>Source Files\simulation\element</Filter>
    </ClCompile>
    <ClCompile Include="src\simulation\elements\CFLM.cpp">
      <Filter>Source Files\simulation\element</Filter>
    </ClCompile>
    <ClCompile Include="src\simulation\elements\CLNE.cpp">
      <Filter>Source Files\simulation\element</Filter>
    </ClCompile>
    <ClCompile Include="src\simulation\elements\CLST.cpp">
      <Filter>Source Files\simulation\element</Filter>
    </ClCompile>
    <ClCompile Include="src\simulation\elements\CNCT.cpp">
      <Filter>Source Files\simulation\element</Filter>
    </ClCompile>
    <ClCompile Include="src\simulation\elements\CO2.cpp">
      <Filter>Source Files\simulation\element</Filter>
    </ClCompile>
    <ClCompile Include="src\simulation\elements\COAL.cpp">
      <Filter>Source Files\simulation\element</Filter>
    </ClCompile>
    <ClCompile Include="src\simulation\elements\CONV.cpp">
      <Filter>Source Files\simulation\element</Filter>
    </ClCompile>
    <ClCompile Include="src\simulation\elements\CRAY.cpp">
      <Filter>Source Files\simulation\element</Filter>
    </ClCompile>
    <ClCompile Include="src\simulation\elements\CRMC.cpp">
      <Filter>Source Files\simulation\element</Filter>
    </ClCompile>
    <ClCompile Include="src\simulation\elements\DCEL.cpp">
      <Filter>Source Files\simulation\element</Filter>
    </ClCompile>
    <ClCompile Include="src\simulation\elements\DESL.cpp">
      <Filter>Source Files\simulation\element</Filter>
    </ClCompile>
    <ClCompile Include="src\simulation\elements\DEST.cpp">
      <Filter>Source Files\simulation\element</Filter>
    </ClCompile>
    <ClCompile Include="src\simulation\elements\DEUT.cpp">
      <Filter>Source Files\simulation\element</Filter>
    </ClCompile>
    <ClCompile Include="src\simulation\elements\DLAY.cpp">
      <Filter>Source Files\simulation\element</Filter>
    </ClCompile>
    <ClCompile Include="src\simulation\elements\DMG.cpp">
      <Filter>Source Files\simulation\element</Filter>
    </ClCompile>
    <ClCompile Include="src\simulation\elements\DMND.cpp">
      <Filter>Source Files\simulation\element</Filter>
    </ClCompile>
    <ClCompile Include="src\simulation\elements\DRAY.cpp">
      <Filter>Source Files\simulation\element</Filter>
    </ClCompile>
    <ClCompile Include="src\simulation\elements\DRIC.cpp">
      <Filter>Source Files\simulation\element</Filter>
    </ClCompile>
    <ClCompile Include="src\simulation\elements\DSTW.cpp">
      <Filter>Source Files\simulation\element</Filter>
    </ClCompile>
    <ClCompile Include="src\simulation\elements\DTEC.cpp">
      <Filter>Source Files\simulation\element</Filter>
    </ClCompile>
    <ClCompile Include="src\simulation\elements\DUST.cpp">
      <Filter>Source Files\simulation\element</Filter>
    </ClCompile>
    <ClCompile Include="src\simulation\elements\DYST.cpp">
      <Filter>Source Files\simulation\element</Filter>
    </ClCompile>
    <ClCompile Include="src\simulation\elements\ELEC.cpp">
      <Filter>Source Files\simulation\element</Filter>
    </ClCompile>
    <ClCompile Include="src\simulation\elements\EMBR.cpp">
      <Filter>Source Files\simulation\element</Filter>
    </ClCompile>
    <ClCompile Include="src\simulation\elements\EMP.cpp">
      <Filter>Source Files\simulation\element</Filter>
    </ClCompile>
    <ClCompile Include="src\simulation\elements\ETRD.cpp">
      <Filter>Source Files\simulation\element</Filter>
    </ClCompile>
    <ClCompile Include="src\simulation\elements\EXOT.cpp">
      <Filter>Source Files\simulation\element</Filter>
    </ClCompile>
    <ClCompile Include="src\simulation\elements\FIGH.cpp">
      <Filter>Source Files\simulation\element</Filter>
    </ClCompile>
    <ClCompile Include="src\simulation\elements\FILT.cpp">
      <Filter>Source Files\simulation\element</Filter>
    </ClCompile>
    <ClCompile Include="src\simulation\elements\FIRE.cpp">
      <Filter>Source Files\simulation\element</Filter>
    </ClCompile>
    <ClCompile Include="src\simulation\elements\FIRW.cpp">
      <Filter>Source Files\simulation\element</Filter>
    </ClCompile>
    <ClCompile Include="src\simulation\elements\FOG.cpp">
      <Filter>Source Files\simulation\element</Filter>
    </ClCompile>
    <ClCompile Include="src\simulation\elements\FRAY.cpp">
      <Filter>Source Files\simulation\element</Filter>
    </ClCompile>
    <ClCompile Include="src\simulation\elements\FRME.cpp">
      <Filter>Source Files\simulation\element</Filter>
    </ClCompile>
    <ClCompile Include="src\simulation\elements\FRZW.cpp">
      <Filter>Source Files\simulation\element</Filter>
    </ClCompile>
    <ClCompile Include="src\simulation\elements\FRZZ.cpp">
      <Filter>Source Files\simulation\element</Filter>
    </ClCompile>
    <ClCompile Include="src\simulation\elements\FSEP.cpp">
      <Filter>Source Files\simulation\element</Filter>
    </ClCompile>
    <ClCompile Include="src\simulation\elements\FUSE.cpp">
      <Filter>Source Files\simulation\element</Filter>
    </ClCompile>
    <ClCompile Include="src\simulation\elements\FWRK.cpp">
      <Filter>Source Files\simulation\element</Filter>
    </ClCompile>
    <ClCompile Include="src\simulation\elements\GAS.cpp">
      <Filter>Source Files\simulation\element</Filter>
    </ClCompile>
    <ClCompile Include="src\simulation\elements\GBMB.cpp">
      <Filter>Source Files\simulation\element</Filter>
    </ClCompile>
    <ClCompile Include="src\simulation\elements\GEL.cpp">
      <Filter>Source Files\simulation\element</Filter>
    </ClCompile>
    <ClCompile Include="src\simulation\elements\GLAS.cpp">
      <Filter>Source Files\simulation\element</Filter>
    </ClCompile>
    <ClCompile Include="src\simulation\elements\GLOW.cpp">
      <Filter>Source Files\simulation\element</Filter>
    </ClCompile>
    <ClCompile Include="src\simulation\elements\GOLD.cpp">
      <Filter>Source Files\simulation\element</Filter>
    </ClCompile>
    <ClCompile Include="src\simulation\elements\GOO.cpp">
      <Filter>Source Files\simulation\element</Filter>
    </ClCompile>
    <ClCompile Include="src\simulation\elements\GPMP.cpp">
      <Filter>Source Files\simulation\element</Filter>
    </ClCompile>
    <ClCompile Include="src\simulation\elements\GRAV.cpp">
      <Filter>Source Files\simulation\element</Filter>
    </ClCompile>
    <ClCompile Include="src\simulation\elements\GRVT.cpp">
      <Filter>Source Files\simulation\element</Filter>
    </ClCompile>
    <ClCompile Include="src\simulation\elements\GUNP.cpp">
      <Filter>Source Files\simulation\element</Filter>
    </ClCompile>
    <ClCompile Include="src\simulation\elements\H2.cpp">
      <Filter>Source Files\simulation\element</Filter>
    </ClCompile>
    <ClCompile Include="src\simulation\elements\HSWC.cpp">
      <Filter>Source Files\simulation\element</Filter>
    </ClCompile>
    <ClCompile Include="src\simulation\elements\ICEI.cpp">
      <Filter>Source Files\simulation\element</Filter>
    </ClCompile>
    <ClCompile Include="src\simulation\elements\IGNT.cpp">
      <Filter>Source Files\simulation\element</Filter>
    </ClCompile>
    <ClCompile Include="src\simulation\elements\INSL.cpp">
      <Filter>Source Files\simulation\element</Filter>
    </ClCompile>
    <ClCompile Include="src\simulation\elements\INST.cpp">
      <Filter>Source Files\simulation\element</Filter>
    </ClCompile>
    <ClCompile Include="src\simulation\elements\INVIS.cpp">
      <Filter>Source Files\simulation\element</Filter>
    </ClCompile>
    <ClCompile Include="src\simulation\elements\INWR.cpp">
      <Filter>Source Files\simulation\element</Filter>
    </ClCompile>
    <ClCompile Include="src\simulation\elements\IRON.cpp">
      <Filter>Source Files\simulation\element</Filter>
    </ClCompile>
    <ClCompile Include="src\simulation\elements\ISOZ.cpp">
      <Filter>Source Files\simulation\element</Filter>
    </ClCompile>
    <ClCompile Include="src\simulation\elements\ISZS.cpp">
      <Filter>Source Files\simulation\element</Filter>
    </ClCompile>
    <ClCompile Include="src\simulation\elements\LAVA.cpp">
      <Filter>Source Files\simulation\element</Filter>
    </ClCompile>
    <ClCompile Include="src\simulation\elements\LCRY.cpp">
      <Filter>Source Files\simulation\element</Filter>
    </ClCompile>
    <ClCompile Include="src\simulation\elements\LIFE.cpp">
      <Filter>Source Files\simulation\element</Filter>
    </ClCompile>
    <ClCompile Include="src\simulation\elements\LIGH.cpp">
      <Filter>Source Files\simulation\element</Filter>
    </ClCompile>
    <ClCompile Include="src\simulation\elements\LNTG.cpp">
      <Filter>Source Files\simulation\element</Filter>
    </ClCompile>
    <ClCompile Include="src\simulation\elements\LO2.cpp">
      <Filter>Source Files\simulation\element</Filter>
    </ClCompile>
    <ClCompile Include="src\simulation\elements\LOLZ.cpp">
      <Filter>Source Files\simulation\element</Filter>
    </ClCompile>
    <ClCompile Include="src\simulation\elements\LOVE.cpp">
      <Filter>Source Files\simulation\element</Filter>
    </ClCompile>
    <ClCompile Include="src\simulation\elements\LRBD.cpp">
      <Filter>Source Files\simulation\element</Filter>
    </ClCompile>
    <ClCompile Include="src\simulation\elements\MERC.cpp">
      <Filter>Source Files\simulation\element</Filter>
    </ClCompile>
    <ClCompile Include="src\simulation\elements\METL.cpp">
      <Filter>Source Files\simulation\element</Filter>
    </ClCompile>
    <ClCompile Include="src\simulation\elements\MORT.cpp">
      <Filter>Source Files\simulation\element</Filter>
    </ClCompile>
    <ClCompile Include="src\simulation\elements\MWAX.cpp">
      <Filter>Source Files\simulation\element</Filter>
    </ClCompile>
    <ClCompile Include="src\simulation\elements\NBHL.cpp">
      <Filter>Source Files\simulation\element</Filter>
    </ClCompile>
    <ClCompile Include="src\simulation\elements\NBLE.cpp">
      <Filter>Source Files\simulation\element</Filter>
    </ClCompile>
    <ClCompile Include="src\simulation\elements\NEUT.cpp">
      <Filter>Source Files\simulation\element</Filter>
    </ClCompile>
    <ClCompile Include="src\simulation\elements\NICE.cpp">
      <Filter>Source Files\simulation\element</Filter>
    </ClCompile>
    <ClCompile Include="src\simulation\elements\NITR.cpp">
      <Filter>Source Files\simulation\element</Filter>
    </ClCompile>
    <ClCompile Include="src\simulation\elements\NONE.cpp">
      <Filter>Source Files\simulation\element</Filter>
    </ClCompile>
    <ClCompile Include="src\simulation\elements\NSCN.cpp">
      <Filter>Source Files\simulation\element</Filter>
    </ClCompile>
    <ClCompile Include="src\simulation\elements\NTCT.cpp">
      <Filter>Source Files\simulation\element</Filter>
    </ClCompile>
    <ClCompile Include="src\simulation\elements\NWHL.cpp">
      <Filter>Source Files\simulation\element</Filter>
    </ClCompile>
    <ClCompile Include="src\simulation\elements\O2.cpp">
      <Filter>Source Files\simulation\element</Filter>
    </ClCompile>
    <ClCompile Include="src\simulation\elements\OIL.cpp">
      <Filter>Source Files\simulation\element</Filter>
    </ClCompile>
    <ClCompile Include="src\simulation\elements\PBCN.cpp">
      <Filter>Source Files\simulation\element</Filter>
    </ClCompile>
    <ClCompile Include="src\simulation\elements\PCLN.cpp">
      <Filter>Source Files\simulation\element</Filter>
    </ClCompile>
    <ClCompile Include="src\simulation\elements\PHOT.cpp">
      <Filter>Source Files\simulation\element</Filter>
    </ClCompile>
    <ClCompile Include="src\simulation\elements\PIPE.cpp">
      <Filter>Source Files\simulation\element</Filter>
    </ClCompile>
    <ClCompile Include="src\simulation\elements\PLEX.cpp">
      <Filter>Source Files\simulation\element</Filter>
    </ClCompile>
    <ClCompile Include="src\simulation\elements\PLNT.cpp">
      <Filter>Source Files\simulation\element</Filter>
    </ClCompile>
    <ClCompile Include="src\simulation\elements\PLSM.cpp">
      <Filter>Source Files\simulation\element</Filter>
    </ClCompile>
    <ClCompile Include="src\simulation\elements\PLUT.cpp">
      <Filter>Source Files\simulation\element</Filter>
    </ClCompile>
    <ClCompile Include="src\simulation\elements\PPIP.cpp">
      <Filter>Source Files\simulation\element</Filter>
    </ClCompile>
    <ClCompile Include="src\simulation\elements\PQRT.cpp">
      <Filter>Source Files\simulation\element</Filter>
    </ClCompile>
    <ClCompile Include="src\simulation\elements\PROT.cpp">
      <Filter>Source Files\simulation\element</Filter>
    </ClCompile>
    <ClCompile Include="src\simulation\elements\PRTI.cpp">
      <Filter>Source Files\simulation\element</Filter>
    </ClCompile>
    <ClCompile Include="src\simulation\elements\PRTO.cpp">
      <Filter>Source Files\simulation\element</Filter>
    </ClCompile>
    <ClCompile Include="src\simulation\elements\PSCN.cpp">
      <Filter>Source Files\simulation\element</Filter>
    </ClCompile>
    <ClCompile Include="src\simulation\elements\PSNS.cpp">
      <Filter>Source Files\simulation\element</Filter>
    </ClCompile>
    <ClCompile Include="src\simulation\elements\PSTE.cpp">
      <Filter>Source Files\simulation\element</Filter>
    </ClCompile>
    <ClCompile Include="src\simulation\elements\PSTN.cpp">
      <Filter>Source Files\simulation\element</Filter>
    </ClCompile>
    <ClCompile Include="src\simulation\elements\PSTS.cpp">
      <Filter>Source Files\simulation\element</Filter>
    </ClCompile>
    <ClCompile Include="src\simulation\elements\PTCT.cpp">
      <Filter>Source Files\simulation\element</Filter>
    </ClCompile>
    <ClCompile Include="src\simulation\elements\PUMP.cpp">
      <Filter>Source Files\simulation\element</Filter>
    </ClCompile>
    <ClCompile Include="src\simulation\elements\PVOD.cpp">
      <Filter>Source Files\simulation\element</Filter>
    </ClCompile>
    <ClCompile Include="src\simulation\elements\QRTZ.cpp">
      <Filter>Source Files\simulation\element</Filter>
    </ClCompile>
    <ClCompile Include="src\simulation\elements\RBDM.cpp">
      <Filter>Source Files\simulation\element</Filter>
    </ClCompile>
    <ClCompile Include="src\simulation\elements\RIME.cpp">
      <Filter>Source Files\simulation\element</Filter>
    </ClCompile>
    <ClCompile Include="src\simulation\elements\RPEL.cpp">
      <Filter>Source Files\simulation\element</Filter>
    </ClCompile>
    <ClCompile Include="src\simulation\elements\SALT.cpp">
      <Filter>Source Files\simulation\element</Filter>
    </ClCompile>
    <ClCompile Include="src\simulation\elements\SAND.cpp">
      <Filter>Source Files\simulation\element</Filter>
    </ClCompile>
    <ClCompile Include="src\simulation\elements\SHLD1.cpp">
      <Filter>Source Files\simulation\element</Filter>
    </ClCompile>
    <ClCompile Include="src\simulation\elements\SHLD2.cpp">
      <Filter>Source Files\simulation\element</Filter>
    </ClCompile>
    <ClCompile Include="src\simulation\elements\SHLD3.cpp">
      <Filter>Source Files\simulation\element</Filter>
    </ClCompile>
    <ClCompile Include="src\simulation\elements\SHLD4.cpp">
      <Filter>Source Files\simulation\element</Filter>
    </ClCompile>
    <ClCompile Include="src\simulation\elements\SING.cpp">
      <Filter>Source Files\simulation\element</Filter>
    </ClCompile>
    <ClCompile Include="src\simulation\elements\SLTW.cpp">
      <Filter>Source Files\simulation\element</Filter>
    </ClCompile>
    <ClCompile Include="src\simulation\elements\SMKE.cpp">
      <Filter>Source Files\simulation\element</Filter>
    </ClCompile>
    <ClCompile Include="src\simulation\elements\SNOW.cpp">
      <Filter>Source Files\simulation\element</Filter>
    </ClCompile>
    <ClCompile Include="src\simulation\elements\SOAP.cpp">
      <Filter>Source Files\simulation\element</Filter>
    </ClCompile>
    <ClCompile Include="src\simulation\elements\SPAWN.cpp">
      <Filter>Source Files\simulation\element</Filter>
    </ClCompile>
    <ClCompile Include="src\simulation\elements\SPAWN2.cpp">
      <Filter>Source Files\simulation\element</Filter>
    </ClCompile>
    <ClCompile Include="src\simulation\elements\SPNG.cpp">
      <Filter>Source Files\simulation\element</Filter>
    </ClCompile>
    <ClCompile Include="src\simulation\elements\SPRK.cpp">
      <Filter>Source Files\simulation\element</Filter>
    </ClCompile>
    <ClCompile Include="src\simulation\elements\STKM.cpp">
      <Filter>Source Files\simulation\element</Filter>
    </ClCompile>
    <ClCompile Include="src\simulation\elements\STKM2.cpp">
      <Filter>Source Files\simulation\element</Filter>
    </ClCompile>
    <ClCompile Include="src\simulation\elements\STNE.cpp">
      <Filter>Source Files\simulation\element</Filter>
    </ClCompile>
    <ClCompile Include="src\simulation\elements\STOR.cpp">
      <Filter>Source Files\simulation\element</Filter>
    </ClCompile>
    <ClCompile Include="src\simulation\elements\SWCH.cpp">
      <Filter>Source Files\simulation\element</Filter>
    </ClCompile>
    <ClCompile Include="src\simulation\elements\TESC.cpp">
      <Filter>Source Files\simulation\element</Filter>
    </ClCompile>
    <ClCompile Include="src\simulation\elements\THDR.cpp">
      <Filter>Source Files\simulation\element</Filter>
    </ClCompile>
    <ClCompile Include="src\simulation\elements\THRM.cpp">
      <Filter>Source Files\simulation\element</Filter>
    </ClCompile>
    <ClCompile Include="src\simulation\elements\TRON.cpp">
      <Filter>Source Files\simulation\element</Filter>
    </ClCompile>
    <ClCompile Include="src\simulation\elements\TSNS.cpp">
      <Filter>Source Files\simulation\element</Filter>
    </ClCompile>
    <ClCompile Include="src\simulation\elements\TTAN.cpp">
      <Filter>Source Files\simulation\element</Filter>
    </ClCompile>
    <ClCompile Include="src\simulation\elements\TUNG.cpp">
      <Filter>Source Files\simulation\element</Filter>
    </ClCompile>
    <ClCompile Include="src\simulation\elements\URAN.cpp">
      <Filter>Source Files\simulation\element</Filter>
    </ClCompile>
    <ClCompile Include="src\simulation\elements\VIBR.cpp">
      <Filter>Source Files\simulation\element</Filter>
    </ClCompile>
    <ClCompile Include="src\simulation\elements\VINE.cpp">
      <Filter>Source Files\simulation\element</Filter>
    </ClCompile>
    <ClCompile Include="src\simulation\elements\VIRS.cpp">
      <Filter>Source Files\simulation\element</Filter>
    </ClCompile>
    <ClCompile Include="src\simulation\elements\VOID.cpp">
      <Filter>Source Files\simulation\element</Filter>
    </ClCompile>
    <ClCompile Include="src\simulation\elements\VRSG.cpp">
      <Filter>Source Files\simulation\element</Filter>
    </ClCompile>
    <ClCompile Include="src\simulation\elements\VRSS.cpp">
      <Filter>Source Files\simulation\element</Filter>
    </ClCompile>
    <ClCompile Include="src\simulation\elements\WARP.cpp">
      <Filter>Source Files\simulation\element</Filter>
    </ClCompile>
    <ClCompile Include="src\simulation\elements\WATR.cpp">
      <Filter>Source Files\simulation\element</Filter>
    </ClCompile>
    <ClCompile Include="src\simulation\elements\WAX.cpp">
      <Filter>Source Files\simulation\element</Filter>
    </ClCompile>
    <ClCompile Include="src\simulation\elements\WHOL.cpp">
      <Filter>Source Files\simulation\element</Filter>
    </ClCompile>
    <ClCompile Include="src\simulation\elements\WIFI.cpp">
      <Filter>Source Files\simulation\element</Filter>
    </ClCompile>
    <ClCompile Include="src\simulation\elements\WIRE.cpp">
      <Filter>Source Files\simulation\element</Filter>
    </ClCompile>
    <ClCompile Include="src\simulation\elements\WOOD.cpp">
      <Filter>Source Files\simulation\element</Filter>
    </ClCompile>
    <ClCompile Include="src\simulation\elements\WTRV.cpp">
      <Filter>Source Files\simulation\element</Filter>
    </ClCompile>
    <ClCompile Include="src\simulation\elements\YEST.cpp">
      <Filter>Source Files\simulation\element</Filter>
    </ClCompile>
    <ClCompile Include="src\simulation\elements\Element.cpp">
      <Filter>Source Files\simulation</Filter>
    </ClCompile>
    <ClCompile Include="src\bson\BSON.cpp">
      <Filter>Source Files\libs\bson</Filter>
    </ClCompile>
    <ClCompile Include="src\lua\socket\auxiliar.c">
      <Filter>Source Files\libs\luasocket</Filter>
    </ClCompile>
    <ClCompile Include="src\lua\socket\buffer.c">
      <Filter>Source Files\libs\luasocket</Filter>
    </ClCompile>
    <ClCompile Include="src\lua\socket\except.c">
      <Filter>Source Files\libs\luasocket</Filter>
    </ClCompile>
    <ClCompile Include="src\lua\socket\inet.c">
      <Filter>Source Files\libs\luasocket</Filter>
    </ClCompile>
    <ClCompile Include="src\lua\socket\io.c">
      <Filter>Source Files\libs\luasocket</Filter>
    </ClCompile>
    <ClCompile Include="src\lua\socket\luasocket.c">
      <Filter>Source Files\libs\luasocket</Filter>
    </ClCompile>
    <ClCompile Include="src\lua\socket\options.c">
      <Filter>Source Files\libs\luasocket</Filter>
    </ClCompile>
    <ClCompile Include="src\lua\socket\select.c">
      <Filter>Source Files\libs\luasocket</Filter>
    </ClCompile>
    <ClCompile Include="src\lua\socket\socket.lua.cpp">
      <Filter>Source Files\libs\luasocket</Filter>
    </ClCompile>
    <ClCompile Include="src\lua\socket\tcp.c">
      <Filter>Source Files\libs\luasocket</Filter>
    </ClCompile>
    <ClCompile Include="src\lua\socket\timeout.c">
      <Filter>Source Files\libs\luasocket</Filter>
    </ClCompile>
    <ClCompile Include="src\lua\socket\udp.c">
      <Filter>Source Files\libs\luasocket</Filter>
    </ClCompile>
    <ClCompile Include="src\lua\socket\unix.c">
      <Filter>Source Files\libs\luasocket</Filter>
    </ClCompile>
    <ClCompile Include="src\lua\socket\usocket.c">
      <Filter>Source Files\libs\luasocket</Filter>
    </ClCompile>
    <ClCompile Include="src\lua\socket\wsocket.c">
      <Filter>Source Files\libs\luasocket</Filter>
    </ClCompile>
    <ClCompile Include="src\client\Client.cpp">
      <Filter>Source Files\client</Filter>
    </ClCompile>
    <ClCompile Include="src\client\GameSave.cpp">
      <Filter>Source Files\client</Filter>
    </ClCompile>
    <ClCompile Include="src\client\HTTP.cpp">
      <Filter>Source Files\client</Filter>
    </ClCompile>
    <ClCompile Include="src\client\MD5.cpp">
      <Filter>Source Files\client</Filter>
    </ClCompile>
    <ClCompile Include="src\client\SaveFile.cpp">
      <Filter>Source Files\client</Filter>
    </ClCompile>
    <ClCompile Include="src\client\SaveInfo.cpp">
      <Filter>Source Files\client</Filter>
    </ClCompile>
    <ClCompile Include="src\client\requestbroker\APIRequest.cpp">
      <Filter>Source Files\client\requestbroker</Filter>
    </ClCompile>
    <ClCompile Include="src\client\requestbroker\ImageRequest.cpp">
      <Filter>Source Files\client\requestbroker</Filter>
    </ClCompile>
    <ClCompile Include="src\client\requestbroker\RequestBroker.cpp">
      <Filter>Source Files\client\requestbroker</Filter>
    </ClCompile>
    <ClCompile Include="src\client\requestbroker\ThumbRenderRequest.cpp">
      <Filter>Source Files\client\requestbroker</Filter>
    </ClCompile>
    <ClCompile Include="src\client\requestbroker\WebRequest.cpp">
      <Filter>Source Files\client\requestbroker</Filter>
    </ClCompile>
    <ClCompile Include="src\debug\DebugParts.cpp">
      <Filter>Source Files\debug</Filter>
    </ClCompile>
    <ClCompile Include="src\debug\ElementPopulation.cpp">
      <Filter>Source Files\debug</Filter>
    </ClCompile>
    <ClCompile Include="src\graphics\Graphics.cpp">
      <Filter>Source Files\graphics</Filter>
    </ClCompile>
    <ClCompile Include="src\graphics\OpenGLGraphics.cpp">
      <Filter>Source Files\graphics</Filter>
    </ClCompile>
    <ClCompile Include="src\graphics\RasterGraphics.cpp">
      <Filter>Source Files\graphics</Filter>
    </ClCompile>
    <ClCompile Include="src\graphics\Renderer.cpp">
      <Filter>Source Files\graphics</Filter>
    </ClCompile>
    <ClCompile Include="src\gui\interface\Appearance.cpp">
      <Filter>Source Files\interface</Filter>
    </ClCompile>
    <ClCompile Include="src\gui\interface\AvatarButton.cpp">
      <Filter>Source Files\interface</Filter>
    </ClCompile>
    <ClCompile Include="src\gui\interface\Button.cpp">
      <Filter>Source Files\interface</Filter>
    </ClCompile>
    <ClCompile Include="src\gui\interface\Checkbox.cpp">
      <Filter>Source Files\interface</Filter>
    </ClCompile>
    <ClCompile Include="src\gui\interface\Component.cpp">
      <Filter>Source Files\interface</Filter>
    </ClCompile>
    <ClCompile Include="src\gui\interface\ContextMenu.cpp">
      <Filter>Source Files\interface</Filter>
    </ClCompile>
    <ClCompile Include="src\gui\interface\CopyTextButton.cpp">
      <Filter>Source Files\interface</Filter>
    </ClCompile>
    <ClCompile Include="src\gui\interface\DropDown.cpp">
      <Filter>Source Files\interface</Filter>
    </ClCompile>
    <ClCompile Include="src\gui\interface\Engine.cpp">
      <Filter>Source Files\interface</Filter>
    </ClCompile>
    <ClCompile Include="src\gui\interface\Label.cpp">
      <Filter>Source Files\interface</Filter>
    </ClCompile>
    <ClCompile Include="src\gui\interface\Panel.cpp">
      <Filter>Source Files\interface</Filter>
    </ClCompile>
    <ClCompile Include="src\gui\interface\ProgressBar.cpp">
      <Filter>Source Files\interface</Filter>
    </ClCompile>
    <ClCompile Include="src\gui\interface\RichLabel.cpp">
      <Filter>Source Files\interface</Filter>
    </ClCompile>
    <ClCompile Include="src\gui\interface\SaveButton.cpp">
      <Filter>Source Files\interface</Filter>
    </ClCompile>
    <ClCompile Include="src\gui\interface\ScrollPanel.cpp">
      <Filter>Source Files\interface</Filter>
    </ClCompile>
    <ClCompile Include="src\gui\interface\Slider.cpp">
      <Filter>Source Files\interface</Filter>
    </ClCompile>
    <ClCompile Include="src\gui\interface\Spinner.cpp">
      <Filter>Source Files\interface</Filter>
    </ClCompile>
    <ClCompile Include="src\gui\interface\Textbox.cpp">
      <Filter>Source Files\interface</Filter>
    </ClCompile>
    <ClCompile Include="src\gui\interface\Window.cpp">
      <Filter>Source Files\interface</Filter>
    </ClCompile>
    <ClCompile Include="src\gui\Style.cpp">
      <Filter>Source Files\interface</Filter>
    </ClCompile>
    <ClCompile Include="src\gui\colourpicker\ColourPickerActivity.cpp">
      <Filter>Source Files\gui\colorpicker</Filter>
    </ClCompile>
    <ClCompile Include="src\gui\console\ConsoleController.cpp">
      <Filter>Source Files\gui\console</Filter>
    </ClCompile>
    <ClCompile Include="src\gui\console\ConsoleModel.cpp">
      <Filter>Source Files\gui\console</Filter>
    </ClCompile>
    <ClCompile Include="src\gui\console\ConsoleView.cpp">
      <Filter>Source Files\gui\console</Filter>
    </ClCompile>
    <ClCompile Include="src\gui\dialogues\ConfirmPrompt.cpp">
      <Filter>Source Files\gui\dialogs</Filter>
    </ClCompile>
    <ClCompile Include="src\gui\dialogues\ErrorMessage.cpp">
      <Filter>Source Files\gui\dialogs</Filter>
    </ClCompile>
    <ClCompile Include="src\gui\dialogues\InformationMessage.cpp">
      <Filter>Source Files\gui\dialogs</Filter>
    </ClCompile>
    <ClCompile Include="src\gui\dialogues\SaveIDMessage.cpp">
      <Filter>Source Files\gui\dialogs</Filter>
    </ClCompile>
    <ClCompile Include="src\gui\dialogues\TextPrompt.cpp">
      <Filter>Source Files\gui\dialogs</Filter>
    </ClCompile>
    <ClCompile Include="src\gui\elementsearch\ElementSearchActivity.cpp">
      <Filter>Source Files\gui\elementsearch</Filter>
    </ClCompile>
    <ClCompile Include="src\gui\filebrowser\FileBrowserActivity.cpp">
      <Filter>Source Files\gui\localsavebrowser</Filter>
    </ClCompile>
    <ClCompile Include="src\gui\localbrowser\LocalBrowserView.cpp">
      <Filter>Source Files\gui\stampbrowser</Filter>
    </ClCompile>
    <ClCompile Include="src\gui\localbrowser\LocalBrowserController.cpp">
      <Filter>Source Files\gui\stampbrowser</Filter>
    </ClCompile>
    <ClCompile Include="src\gui\localbrowser\LocalBrowserModel.cpp">
      <Filter>Source Files\gui\stampbrowser</Filter>
    </ClCompile>
    <ClCompile Include="src\gui\login\LoginController.cpp">
      <Filter>Source Files\gui\login</Filter>
    </ClCompile>
    <ClCompile Include="src\gui\login\LoginModel.cpp">
      <Filter>Source Files\gui\login</Filter>
    </ClCompile>
    <ClCompile Include="src\gui\login\LoginView.cpp">
      <Filter>Source Files\gui\login</Filter>
    </ClCompile>
    <ClCompile Include="src\gui\update\UpdateActivity.cpp">
      <Filter>Source Files\gui\updateconfirmation</Filter>
    </ClCompile>
    <ClCompile Include="src\gui\tags\TagsController.cpp">
      <Filter>Source Files\gui\tags</Filter>
    </ClCompile>
    <ClCompile Include="src\gui\tags\TagsModel.cpp">
      <Filter>Source Files\gui\tags</Filter>
    </ClCompile>
    <ClCompile Include="src\gui\tags\TagsView.cpp">
      <Filter>Source Files\gui\tags</Filter>
    </ClCompile>
    <ClCompile Include="src\gui\search\SearchController.cpp">
      <Filter>Source Files\gui\onlinesavebrowser</Filter>
    </ClCompile>
    <ClCompile Include="src\gui\search\SearchModel.cpp">
      <Filter>Source Files\gui\onlinesavebrowser</Filter>
    </ClCompile>
    <ClCompile Include="src\gui\search\SearchView.cpp">
      <Filter>Source Files\gui\onlinesavebrowser</Filter>
    </ClCompile>
    <ClCompile Include="src\gui\search\Thumbnail.cpp">
      <Filter>Source Files\gui\onlinesavebrowser</Filter>
    </ClCompile>
    <ClCompile Include="src\gui\preview\PreviewController.cpp">
      <Filter>Source Files\gui\savepreview</Filter>
    </ClCompile>
    <ClCompile Include="src\gui\preview\PreviewModel.cpp">
      <Filter>Source Files\gui\savepreview</Filter>
    </ClCompile>
    <ClCompile Include="src\gui\preview\PreviewView.cpp">
      <Filter>Source Files\gui\savepreview</Filter>
    </ClCompile>
    <ClCompile Include="src\gui\options\OptionsController.cpp">
      <Filter>Source Files\gui\options</Filter>
    </ClCompile>
    <ClCompile Include="src\gui\options\OptionsModel.cpp">
      <Filter>Source Files\gui\options</Filter>
    </ClCompile>
    <ClCompile Include="src\gui\options\OptionsView.cpp">
      <Filter>Source Files\gui\options</Filter>
    </ClCompile>
    <ClCompile Include="src\gui\render\RenderController.cpp">
      <Filter>Source Files\gui\renderoptions</Filter>
    </ClCompile>
    <ClCompile Include="src\gui\render\RenderModel.cpp">
      <Filter>Source Files\gui\renderoptions</Filter>
    </ClCompile>
    <ClCompile Include="src\gui\render\RenderView.cpp">
      <Filter>Source Files\gui\renderoptions</Filter>
    </ClCompile>
    <ClCompile Include="src\gui\profile\ProfileActivity.cpp">
      <Filter>Source Files\gui\profileviewer</Filter>
    </ClCompile>
    <ClCompile Include="src\gui\game\Brush.cpp">
      <Filter>Source Files\game</Filter>
    </ClCompile>
    <ClCompile Include="src\gui\game\GameController.cpp">
      <Filter>Source Files\game</Filter>
    </ClCompile>
    <ClCompile Include="src\gui\game\GameModel.cpp">
      <Filter>Source Files\game</Filter>
    </ClCompile>
    <ClCompile Include="src\gui\game\GameView.cpp">
      <Filter>Source Files\game</Filter>
    </ClCompile>
    <ClCompile Include="src\gui\game\PropertyTool.cpp">
      <Filter>Source Files\game</Filter>
    </ClCompile>
    <ClCompile Include="src\gui\game\SampleTool.cpp">
      <Filter>Source Files\game</Filter>
    </ClCompile>
    <ClCompile Include="src\gui\game\SignTool.cpp">
      <Filter>Source Files\game</Filter>
    </ClCompile>
    <ClCompile Include="src\gui\game\Tool.cpp">
      <Filter>Source Files\game</Filter>
    </ClCompile>
    <ClCompile Include="src\gui\game\ToolButton.cpp">
      <Filter>Source Files\game</Filter>
    </ClCompile>
    <ClCompile Include="src\lua\LegacyLuaAPI.cpp">
      <Filter>Source Files\lua</Filter>
    </ClCompile>
    <ClCompile Include="src\lua\LuaScriptInterface.cpp">
      <Filter>Source Files\lua</Filter>
    </ClCompile>
    <ClCompile Include="src\lua\LuaButton.cpp">
      <Filter>Source Files\lua\interfaceapi</Filter>
    </ClCompile>
    <ClCompile Include="src\lua\LuaCheckbox.cpp">
      <Filter>Source Files\lua\interfaceapi</Filter>
    </ClCompile>
    <ClCompile Include="src\lua\LuaComponent.cpp">
      <Filter>Source Files\lua\interfaceapi</Filter>
    </ClCompile>
    <ClCompile Include="src\lua\LuaLabel.cpp">
      <Filter>Source Files\lua\interfaceapi</Filter>
    </ClCompile>
    <ClCompile Include="src\lua\LuaProgressBar.cpp">
      <Filter>Source Files\lua\interfaceapi</Filter>
    </ClCompile>
    <ClCompile Include="src\lua\LuaSlider.cpp">
      <Filter>Source Files\lua\interfaceapi</Filter>
    </ClCompile>
    <ClCompile Include="src\lua\LuaTextbox.cpp">
      <Filter>Source Files\lua\interfaceapi</Filter>
    </ClCompile>
    <ClCompile Include="src\lua\LuaWindow.cpp">
      <Filter>Source Files\lua\interfaceapi</Filter>
    </ClCompile>
    <ClCompile Include="src\lua\CommandInterface.cpp">
      <Filter>Source Files\lua\oldconsole</Filter>
    </ClCompile>
    <ClCompile Include="src\lua\TPTSTypes.cpp">
      <Filter>Source Files\lua\oldconsole</Filter>
    </ClCompile>
    <ClCompile Include="src\lua\TPTScriptInterface.cpp">
      <Filter>Source Files\lua\oldconsole</Filter>
    </ClCompile>
    <ClCompile Include="src\lua\LuaBit.cpp">
      <Filter>Source Files\libs\luabit</Filter>
    </ClCompile>
    <ClCompile Include="src\lua\LuaCompat.c">
      <Filter>Source Files\libs\lua</Filter>
    </ClCompile>
    <ClCompile Include="src\resampler\resampler.cpp">
      <Filter>Source Files\libs\resampler</Filter>
    </ClCompile>
    <ClCompile Include="src\tasks\Task.cpp">
      <Filter>Source Files\client\tasks</Filter>
    </ClCompile>
    <ClCompile Include="src\tasks\TaskWindow.cpp">
      <Filter>Source Files\client\tasks</Filter>
    </ClCompile>
    <ClCompile Include="src\simulation\Air.cpp">
      <Filter>Source Files\simulation</Filter>
    </ClCompile>
    <ClCompile Include="src\simulation\Gravity.cpp">
      <Filter>Source Files\simulation</Filter>
    </ClCompile>
    <ClCompile Include="src\simulation\Particle.cpp">
      <Filter>Source Files\simulation</Filter>
    </ClCompile>
    <ClCompile Include="src\simulation\SaveRenderer.cpp">
      <Filter>Source Files\simulation</Filter>
    </ClCompile>
    <ClCompile Include="src\simulation\Sign.cpp">
      <Filter>Source Files\simulation</Filter>
    </ClCompile>
    <ClCompile Include="src\simulation\Simulation.cpp">
      <Filter>Source Files\simulation</Filter>
    </ClCompile>
    <ClCompile Include="src\simulation\SimulationData.cpp">
      <Filter>Source Files\simulation</Filter>
    </ClCompile>
    <ClCompile Include="src\simulation\simtools\AirTool.cpp">
      <Filter>Source Files\simulation\toolmenutools</Filter>
    </ClCompile>
    <ClCompile Include="src\simulation\simtools\Cool.cpp">
      <Filter>Source Files\simulation\toolmenutools</Filter>
    </ClCompile>
    <ClCompile Include="src\simulation\simtools\Heat.cpp">
      <Filter>Source Files\simulation\toolmenutools</Filter>
    </ClCompile>
    <ClCompile Include="src\simulation\simtools\NGrv.cpp">
      <Filter>Source Files\simulation\toolmenutools</Filter>
    </ClCompile>
    <ClCompile Include="src\simulation\simtools\PGrv.cpp">
      <Filter>Source Files\simulation\toolmenutools</Filter>
    </ClCompile>
    <ClCompile Include="src\simulation\simtools\SimTool.cpp">
      <Filter>Source Files\simulation\toolmenutools</Filter>
    </ClCompile>
    <ClCompile Include="src\simulation\simtools\Vac.cpp">
      <Filter>Source Files\simulation\toolmenutools</Filter>
    </ClCompile>
    <ClCompile Include="src\Format.cpp">
      <Filter>Source Files</Filter>
    </ClCompile>
    <ClCompile Include="src\Misc.cpp">
      <Filter>Source Files</Filter>
    </ClCompile>
    <ClCompile Include="src\Platform.cpp">
      <Filter>Source Files</Filter>
    </ClCompile>
    <ClCompile Include="src\PowderToyRenderer.cpp">
      <Filter>Source Files</Filter>
    </ClCompile>
    <ClCompile Include="src\PowderToySDL.cpp">
      <Filter>Source Files</Filter>
    </ClCompile>
    <ClCompile Include="src\Probability.cpp">
      <Filter>Source Files</Filter>
    </ClCompile>
    <ClCompile Include="src\Update.cpp">
      <Filter>Source Files</Filter>
    </ClCompile>
    <ClCompile Include="src\gui\save\ServerSaveActivity.cpp">
      <Filter>Source Files\gui\saveupload</Filter>
    </ClCompile>
    <ClCompile Include="src\gui\save\LocalSaveActivity.cpp">
      <Filter>Source Files\gui\localsavecreate</Filter>
    </ClCompile>
    <ClCompile Include="src\debug\DebugLines.cpp">
      <Filter>Source Files\debug</Filter>
    </ClCompile>
    <ClCompile Include="src\json\jsoncpp.cpp">
      <Filter>Source Files\libs\json</Filter>
    </ClCompile>
    <ClCompile Include="src\debug\ParticleDebug.cpp">
      <Filter>Source Files\debug</Filter>
    </ClCompile>
    <ClCompile Include="src\client\Download.cpp">
      <Filter>Source Files\client</Filter>
    </ClCompile>
    <ClCompile Include="src\client\DownloadManager.cpp">
      <Filter>Source Files\client</Filter>
    </ClCompile>
    <ClCompile Include="src\simulation\simtools\Mix.cpp">
      <Filter>Source Files\simulation\toolmenutools</Filter>
    </ClCompile>
    <ClCompile Include="src\gui\game\Favorite.cpp">
      <Filter>Source Files\game</Filter>
    </ClCompile>
    <ClCompile Include="src\SDLCompat.cpp">
      <Filter>Source Files\libs\sdl</Filter>
    </ClCompile>
    <ClCompile Include="MEAT.cpp">
      <Filter>Source Files\simulation\element</Filter>
    </ClCompile>
    <ClCompile Include="BEEF.cpp">
      <Filter>Source Files\simulation\element</Filter>
    </ClCompile>
    <ClCompile Include="CUME.cpp">
      <Filter>Source Files\simulation\element</Filter>
    </ClCompile>
    <ClCompile Include="GMET.cpp">
      <Filter>Source Files\simulation\element</Filter>
    </ClCompile>
    <ClCompile Include="GBEF.cpp">
      <Filter>Source Files\simulation\element</Filter>
    </ClCompile>
    <ClCompile Include="FLOR.cpp">
      <Filter>Source Files\simulation\element</Filter>
    </ClCompile>
    <ClCompile Include="BRED.cpp">
      <Filter>Source Files\simulation\element</Filter>
    </ClCompile>
  </ItemGroup>
  <ItemGroup>
    <ClInclude Include="generated\ElementClasses.h">
      <Filter>generated</Filter>
    </ClInclude>
    <ClInclude Include="generated\ToolClasses.h">
      <Filter>generated</Filter>
    </ClInclude>
    <ClInclude Include="src\simulation\elements\Element.h">
      <Filter>Source Files\simulation</Filter>
    </ClInclude>
    <ClInclude Include="data\font.h">
      <Filter>data</Filter>
    </ClInclude>
    <ClInclude Include="data\hmap.h">
      <Filter>data</Filter>
    </ClInclude>
    <ClInclude Include="data\icon.h">
      <Filter>data</Filter>
    </ClInclude>
    <ClInclude Include="data\icondoc.h">
      <Filter>data</Filter>
    </ClInclude>
    <ClInclude Include="data\images.h">
      <Filter>data</Filter>
    </ClInclude>
    <ClInclude Include="data\IntroText.h">
      <Filter>data</Filter>
    </ClInclude>
    <ClInclude Include="data\Shaders.h">
      <Filter>data</Filter>
    </ClInclude>
    <ClInclude Include="src\bson\BSON.h">
      <Filter>Source Files\libs\bson</Filter>
    </ClInclude>
    <ClInclude Include="src\lua\socket\auxiliar.h">
      <Filter>Source Files\libs\luasocket</Filter>
    </ClInclude>
    <ClInclude Include="src\lua\socket\buffer.h">
      <Filter>Source Files\libs\luasocket</Filter>
    </ClInclude>
    <ClInclude Include="src\lua\socket\except.h">
      <Filter>Source Files\libs\luasocket</Filter>
    </ClInclude>
    <ClInclude Include="src\lua\socket\inet.h">
      <Filter>Source Files\libs\luasocket</Filter>
    </ClInclude>
    <ClInclude Include="src\lua\socket\io.h">
      <Filter>Source Files\libs\luasocket</Filter>
    </ClInclude>
    <ClInclude Include="src\lua\socket\luasocket.h">
      <Filter>Source Files\libs\luasocket</Filter>
    </ClInclude>
    <ClInclude Include="src\lua\socket\options.h">
      <Filter>Source Files\libs\luasocket</Filter>
    </ClInclude>
    <ClInclude Include="src\lua\socket\select.h">
      <Filter>Source Files\libs\luasocket</Filter>
    </ClInclude>
    <ClInclude Include="src\lua\socket\socket.h">
      <Filter>Source Files\libs\luasocket</Filter>
    </ClInclude>
    <ClInclude Include="src\lua\socket\socket.lua.h">
      <Filter>Source Files\libs\luasocket</Filter>
    </ClInclude>
    <ClInclude Include="src\lua\socket\tcp.h">
      <Filter>Source Files\libs\luasocket</Filter>
    </ClInclude>
    <ClInclude Include="src\lua\socket\timeout.h">
      <Filter>Source Files\libs\luasocket</Filter>
    </ClInclude>
    <ClInclude Include="src\lua\socket\udp.h">
      <Filter>Source Files\libs\luasocket</Filter>
    </ClInclude>
    <ClInclude Include="src\lua\socket\unix.h">
      <Filter>Source Files\libs\luasocket</Filter>
    </ClInclude>
    <ClInclude Include="src\lua\socket\usocket.h">
      <Filter>Source Files\libs\luasocket</Filter>
    </ClInclude>
    <ClInclude Include="src\lua\socket\wsocket.h">
      <Filter>Source Files\libs\luasocket</Filter>
    </ClInclude>
    <ClInclude Include="src\SDLMain.h">
      <Filter>Source Files\libs\sdl</Filter>
    </ClInclude>
    <ClInclude Include="src\client\Client.h">
      <Filter>Source Files\client</Filter>
    </ClInclude>
    <ClInclude Include="src\client\ClientListener.h">
      <Filter>Source Files\client</Filter>
    </ClInclude>
    <ClInclude Include="src\client\GameSave.h">
      <Filter>Source Files\client</Filter>
    </ClInclude>
    <ClInclude Include="src\client\HTTP.h">
      <Filter>Source Files\client</Filter>
    </ClInclude>
    <ClInclude Include="src\client\MD5.h">
      <Filter>Source Files\client</Filter>
    </ClInclude>
    <ClInclude Include="src\client\SaveFile.h">
      <Filter>Source Files\client</Filter>
    </ClInclude>
    <ClInclude Include="src\client\SaveInfo.h">
      <Filter>Source Files\client</Filter>
    </ClInclude>
    <ClInclude Include="src\client\User.h">
      <Filter>Source Files\client</Filter>
    </ClInclude>
    <ClInclude Include="src\client\UserInfo.h">
      <Filter>Source Files\client</Filter>
    </ClInclude>
    <ClInclude Include="src\client\requestbroker\APIRequest.h">
      <Filter>Source Files\client\requestbroker</Filter>
    </ClInclude>
    <ClInclude Include="src\client\requestbroker\APIResultParser.h">
      <Filter>Source Files\client\requestbroker</Filter>
    </ClInclude>
    <ClInclude Include="src\client\requestbroker\ImageRequest.h">
      <Filter>Source Files\client\requestbroker</Filter>
    </ClInclude>
    <ClInclude Include="src\client\requestbroker\RequestBroker.h">
      <Filter>Source Files\client\requestbroker</Filter>
    </ClInclude>
    <ClInclude Include="src\client\requestbroker\RequestListener.h">
      <Filter>Source Files\client\requestbroker</Filter>
    </ClInclude>
    <ClInclude Include="src\client\requestbroker\ThumbRenderRequest.h">
      <Filter>Source Files\client\requestbroker</Filter>
    </ClInclude>
    <ClInclude Include="src\client\requestbroker\WebRequest.h">
      <Filter>Source Files\client\requestbroker</Filter>
    </ClInclude>
    <ClInclude Include="src\debug\DebugInfo.h">
      <Filter>Source Files\debug</Filter>
    </ClInclude>
    <ClInclude Include="src\debug\DebugLines.h">
      <Filter>Source Files\debug</Filter>
    </ClInclude>
    <ClInclude Include="src\debug\DebugParts.h">
      <Filter>Source Files\debug</Filter>
    </ClInclude>
    <ClInclude Include="src\debug\ElementPopulation.h">
      <Filter>Source Files\debug</Filter>
    </ClInclude>
    <ClInclude Include="src\graphics\Graphics.h">
      <Filter>Source Files\graphics</Filter>
    </ClInclude>
    <ClInclude Include="src\graphics\OpenGLHeaders.h">
      <Filter>Source Files\graphics</Filter>
    </ClInclude>
    <ClInclude Include="src\graphics\Renderer.h">
      <Filter>Source Files\graphics</Filter>
    </ClInclude>
    <ClInclude Include="src\gui\interface\Appearance.h">
      <Filter>Source Files\interface</Filter>
    </ClInclude>
    <ClInclude Include="src\gui\interface\AvatarButton.h">
      <Filter>Source Files\interface</Filter>
    </ClInclude>
    <ClInclude Include="src\gui\interface\Border.h">
      <Filter>Source Files\interface</Filter>
    </ClInclude>
    <ClInclude Include="src\gui\interface\Button.h">
      <Filter>Source Files\interface</Filter>
    </ClInclude>
    <ClInclude Include="src\gui\interface\Checkbox.h">
      <Filter>Source Files\interface</Filter>
    </ClInclude>
    <ClInclude Include="src\gui\interface\Colour.h">
      <Filter>Source Files\interface</Filter>
    </ClInclude>
    <ClInclude Include="src\gui\interface\Component.h">
      <Filter>Source Files\interface</Filter>
    </ClInclude>
    <ClInclude Include="src\gui\interface\ContextMenu.h">
      <Filter>Source Files\interface</Filter>
    </ClInclude>
    <ClInclude Include="src\gui\interface\CopyTextButton.h">
      <Filter>Source Files\interface</Filter>
    </ClInclude>
    <ClInclude Include="src\gui\interface\DropDown.h">
      <Filter>Source Files\interface</Filter>
    </ClInclude>
    <ClInclude Include="src\gui\interface\Engine.h">
      <Filter>Source Files\interface</Filter>
    </ClInclude>
    <ClInclude Include="src\gui\interface\Keys.h">
      <Filter>Source Files\interface</Filter>
    </ClInclude>
    <ClInclude Include="src\gui\interface\Label.h">
      <Filter>Source Files\interface</Filter>
    </ClInclude>
    <ClInclude Include="src\gui\interface\Panel.h">
      <Filter>Source Files\interface</Filter>
    </ClInclude>
    <ClInclude Include="src\gui\interface\Point.h">
      <Filter>Source Files\interface</Filter>
    </ClInclude>
    <ClInclude Include="src\gui\interface\ProgressBar.h">
      <Filter>Source Files\interface</Filter>
    </ClInclude>
    <ClInclude Include="src\gui\interface\RichLabel.h">
      <Filter>Source Files\interface</Filter>
    </ClInclude>
    <ClInclude Include="src\gui\interface\SaveButton.h">
      <Filter>Source Files\interface</Filter>
    </ClInclude>
    <ClInclude Include="src\gui\interface\ScrollPanel.h">
      <Filter>Source Files\interface</Filter>
    </ClInclude>
    <ClInclude Include="src\gui\interface\Slider.h">
      <Filter>Source Files\interface</Filter>
    </ClInclude>
    <ClInclude Include="src\gui\interface\Spinner.h">
      <Filter>Source Files\interface</Filter>
    </ClInclude>
    <ClInclude Include="src\gui\interface\Textbox.h">
      <Filter>Source Files\interface</Filter>
    </ClInclude>
    <ClInclude Include="src\gui\interface\Window.h">
      <Filter>Source Files\interface</Filter>
    </ClInclude>
    <ClInclude Include="src\gui\Style.h">
      <Filter>Source Files\interface</Filter>
    </ClInclude>
    <ClInclude Include="src\gui\colourpicker\ColourPickerActivity.h">
      <Filter>Source Files\gui\colorpicker</Filter>
    </ClInclude>
    <ClInclude Include="src\gui\console\ConsoleCommand.h">
      <Filter>Source Files\gui\console</Filter>
    </ClInclude>
    <ClInclude Include="src\gui\console\ConsoleController.h">
      <Filter>Source Files\gui\console</Filter>
    </ClInclude>
    <ClInclude Include="src\gui\console\ConsoleModel.h">
      <Filter>Source Files\gui\console</Filter>
    </ClInclude>
    <ClInclude Include="src\gui\console\ConsoleView.h">
      <Filter>Source Files\gui\console</Filter>
    </ClInclude>
    <ClInclude Include="src\gui\dialogues\ConfirmPrompt.h">
      <Filter>Source Files\gui\dialogs</Filter>
    </ClInclude>
    <ClInclude Include="src\gui\dialogues\ErrorMessage.h">
      <Filter>Source Files\gui\dialogs</Filter>
    </ClInclude>
    <ClInclude Include="src\gui\dialogues\InformationMessage.h">
      <Filter>Source Files\gui\dialogs</Filter>
    </ClInclude>
    <ClInclude Include="src\gui\dialogues\LegacyDialogues.h">
      <Filter>Source Files\gui\dialogs</Filter>
    </ClInclude>
    <ClInclude Include="src\gui\dialogues\SaveIDMessage.h">
      <Filter>Source Files\gui\dialogs</Filter>
    </ClInclude>
    <ClInclude Include="src\gui\dialogues\TextPrompt.h">
      <Filter>Source Files\gui\dialogs</Filter>
    </ClInclude>
    <ClInclude Include="src\gui\elementsearch\ElementSearchActivity.h">
      <Filter>Source Files\gui\elementsearch</Filter>
    </ClInclude>
    <ClInclude Include="src\gui\filebrowser\FileBrowserActivity.h">
      <Filter>Source Files\gui\localsavebrowser</Filter>
    </ClInclude>
    <ClInclude Include="src\gui\localbrowser\LocalBrowserController.h">
      <Filter>Source Files\gui\stampbrowser</Filter>
    </ClInclude>
    <ClInclude Include="src\gui\localbrowser\LocalBrowserModel.h">
      <Filter>Source Files\gui\stampbrowser</Filter>
    </ClInclude>
    <ClInclude Include="src\gui\localbrowser\LocalBrowserModelException.h">
      <Filter>Source Files\gui\stampbrowser</Filter>
    </ClInclude>
    <ClInclude Include="src\gui\localbrowser\LocalBrowserView.h">
      <Filter>Source Files\gui\stampbrowser</Filter>
    </ClInclude>
    <ClInclude Include="src\gui\login\LoginController.h">
      <Filter>Source Files\gui\login</Filter>
    </ClInclude>
    <ClInclude Include="src\gui\login\LoginModel.h">
      <Filter>Source Files\gui\login</Filter>
    </ClInclude>
    <ClInclude Include="src\gui\login\LoginView.h">
      <Filter>Source Files\gui\login</Filter>
    </ClInclude>
    <ClInclude Include="src\gui\update\UpdateActivity.h">
      <Filter>Source Files\gui\updateconfirmation</Filter>
    </ClInclude>
    <ClInclude Include="src\gui\tags\TagsController.h">
      <Filter>Source Files\gui\tags</Filter>
    </ClInclude>
    <ClInclude Include="src\gui\tags\TagsModel.h">
      <Filter>Source Files\gui\tags</Filter>
    </ClInclude>
    <ClInclude Include="src\gui\tags\TagsModelException.h">
      <Filter>Source Files\gui\tags</Filter>
    </ClInclude>
    <ClInclude Include="src\gui\tags\TagsView.h">
      <Filter>Source Files\gui\tags</Filter>
    </ClInclude>
    <ClInclude Include="src\gui\search\SearchController.h">
      <Filter>Source Files\gui\onlinesavebrowser</Filter>
    </ClInclude>
    <ClInclude Include="src\gui\search\SearchModel.h">
      <Filter>Source Files\gui\onlinesavebrowser</Filter>
    </ClInclude>
    <ClInclude Include="src\gui\search\SearchView.h">
      <Filter>Source Files\gui\onlinesavebrowser</Filter>
    </ClInclude>
    <ClInclude Include="src\gui\search\Thumbnail.h">
      <Filter>Source Files\gui\onlinesavebrowser</Filter>
    </ClInclude>
    <ClInclude Include="src\gui\preview\Comment.h">
      <Filter>Source Files\gui\savepreview</Filter>
    </ClInclude>
    <ClInclude Include="src\gui\preview\PreviewController.h">
      <Filter>Source Files\gui\savepreview</Filter>
    </ClInclude>
    <ClInclude Include="src\gui\preview\PreviewModel.h">
      <Filter>Source Files\gui\savepreview</Filter>
    </ClInclude>
    <ClInclude Include="src\gui\preview\PreviewModelException.h">
      <Filter>Source Files\gui\savepreview</Filter>
    </ClInclude>
    <ClInclude Include="src\gui\preview\PreviewView.h">
      <Filter>Source Files\gui\savepreview</Filter>
    </ClInclude>
    <ClInclude Include="src\gui\options\OptionsController.h">
      <Filter>Source Files\gui\options</Filter>
    </ClInclude>
    <ClInclude Include="src\gui\options\OptionsModel.h">
      <Filter>Source Files\gui\options</Filter>
    </ClInclude>
    <ClInclude Include="src\gui\options\OptionsView.h">
      <Filter>Source Files\gui\options</Filter>
    </ClInclude>
    <ClInclude Include="src\gui\render\RenderController.h">
      <Filter>Source Files\gui\renderoptions</Filter>
    </ClInclude>
    <ClInclude Include="src\gui\render\RenderModel.h">
      <Filter>Source Files\gui\renderoptions</Filter>
    </ClInclude>
    <ClInclude Include="src\gui\render\RenderView.h">
      <Filter>Source Files\gui\renderoptions</Filter>
    </ClInclude>
    <ClInclude Include="src\gui\profile\ProfileActivity.h">
      <Filter>Source Files\gui\profileviewer</Filter>
    </ClInclude>
    <ClInclude Include="src\gui\game\BitmapBrush.h">
      <Filter>Source Files\game</Filter>
    </ClInclude>
    <ClInclude Include="src\gui\game\Brush.h">
      <Filter>Source Files\game</Filter>
    </ClInclude>
    <ClInclude Include="src\gui\game\DecorationTool.h">
      <Filter>Source Files\game</Filter>
    </ClInclude>
    <ClInclude Include="src\gui\game\EllipseBrush.h">
      <Filter>Source Files\game</Filter>
    </ClInclude>
    <ClInclude Include="src\gui\game\GameController.h">
      <Filter>Source Files\game</Filter>
    </ClInclude>
    <ClInclude Include="src\gui\game\GameModel.h">
      <Filter>Source Files\game</Filter>
    </ClInclude>
    <ClInclude Include="src\gui\game\GameModelException.h">
      <Filter>Source Files\game</Filter>
    </ClInclude>
    <ClInclude Include="src\gui\game\GameView.h">
      <Filter>Source Files\game</Filter>
    </ClInclude>
    <ClInclude Include="src\gui\game\Menu.h">
      <Filter>Source Files\game</Filter>
    </ClInclude>
    <ClInclude Include="src\gui\game\Notification.h">
      <Filter>Source Files\game</Filter>
    </ClInclude>
    <ClInclude Include="src\gui\game\QuickOption.h">
      <Filter>Source Files\game</Filter>
    </ClInclude>
    <ClInclude Include="src\gui\game\QuickOptions.h">
      <Filter>Source Files\game</Filter>
    </ClInclude>
    <ClInclude Include="src\gui\game\RenderPreset.h">
      <Filter>Source Files\game</Filter>
    </ClInclude>
    <ClInclude Include="src\gui\game\Tool.h">
      <Filter>Source Files\game</Filter>
    </ClInclude>
    <ClInclude Include="src\gui\game\ToolButton.h">
      <Filter>Source Files\game</Filter>
    </ClInclude>
    <ClInclude Include="src\gui\game\TriangleBrush.h">
      <Filter>Source Files\game</Filter>
    </ClInclude>
    <ClInclude Include="src\lua\LuaScriptHelper.h">
      <Filter>Source Files\lua</Filter>
    </ClInclude>
    <ClInclude Include="src\lua\LuaScriptInterface.h">
      <Filter>Source Files\lua</Filter>
    </ClInclude>
    <ClInclude Include="src\lua\LuaCheckbox.h">
      <Filter>Source Files\lua\interfaceapi</Filter>
    </ClInclude>
    <ClInclude Include="src\lua\LuaButton.h">
      <Filter>Source Files\lua\interfaceapi</Filter>
    </ClInclude>
    <ClInclude Include="src\lua\LuaComponent.h">
      <Filter>Source Files\lua\interfaceapi</Filter>
    </ClInclude>
    <ClInclude Include="src\lua\LuaLabel.h">
      <Filter>Source Files\lua\interfaceapi</Filter>
    </ClInclude>
    <ClInclude Include="src\lua\LuaLuna.h">
      <Filter>Source Files\lua\interfaceapi</Filter>
    </ClInclude>
    <ClInclude Include="src\lua\LuaProgressBar.h">
      <Filter>Source Files\lua\interfaceapi</Filter>
    </ClInclude>
    <ClInclude Include="src\lua\LuaSlider.h">
      <Filter>Source Files\lua\interfaceapi</Filter>
    </ClInclude>
    <ClInclude Include="src\lua\LuaTextbox.h">
      <Filter>Source Files\lua\interfaceapi</Filter>
    </ClInclude>
    <ClInclude Include="src\lua\LuaWindow.h">
      <Filter>Source Files\lua\interfaceapi</Filter>
    </ClInclude>
    <ClInclude Include="src\lua\CommandInterface.h">
      <Filter>Source Files\lua\oldconsole</Filter>
    </ClInclude>
    <ClInclude Include="src\lua\TPTSTypes.h">
      <Filter>Source Files\lua\oldconsole</Filter>
    </ClInclude>
    <ClInclude Include="src\lua\TPTScriptInterface.h">
      <Filter>Source Files\lua\oldconsole</Filter>
    </ClInclude>
    <ClInclude Include="src\lua\LuaBit.h">
      <Filter>Source Files\libs\luabit</Filter>
    </ClInclude>
    <ClInclude Include="src\lua\LuaCompat.h">
      <Filter>Source Files\libs\lua</Filter>
    </ClInclude>
    <ClInclude Include="src\resampler\resampler.h">
      <Filter>Source Files\libs\resampler</Filter>
    </ClInclude>
    <ClInclude Include="src\tasks\Task.h">
      <Filter>Source Files\client\tasks</Filter>
    </ClInclude>
    <ClInclude Include="src\tasks\TaskListener.h">
      <Filter>Source Files\client\tasks</Filter>
    </ClInclude>
    <ClInclude Include="src\tasks\TaskWindow.h">
      <Filter>Source Files\client\tasks</Filter>
    </ClInclude>
    <ClInclude Include="src\simulation\Air.h">
      <Filter>Source Files\simulation</Filter>
    </ClInclude>
    <ClInclude Include="src\simulation\CoordStack.h">
      <Filter>Source Files\simulation</Filter>
    </ClInclude>
    <ClInclude Include="src\simulation\Element.h">
      <Filter>Source Files\simulation</Filter>
    </ClInclude>
    <ClInclude Include="src\simulation\ElementGraphics.h">
      <Filter>Source Files\simulation</Filter>
    </ClInclude>
    <ClInclude Include="src\simulation\Elements.h">
      <Filter>Source Files\simulation</Filter>
    </ClInclude>
    <ClInclude Include="src\simulation\GOLMenu.h">
      <Filter>Source Files\simulation</Filter>
    </ClInclude>
    <ClInclude Include="src\simulation\Gravity.h">
      <Filter>Source Files\simulation</Filter>
    </ClInclude>
    <ClInclude Include="src\simulation\MenuSection.h">
      <Filter>Source Files\simulation</Filter>
    </ClInclude>
    <ClInclude Include="src\simulation\Particle.h">
      <Filter>Source Files\simulation</Filter>
    </ClInclude>
    <ClInclude Include="src\simulation\Sample.h">
      <Filter>Source Files\simulation</Filter>
    </ClInclude>
    <ClInclude Include="src\simulation\SaveRenderer.h">
      <Filter>Source Files\simulation</Filter>
    </ClInclude>
    <ClInclude Include="src\simulation\Sign.h">
      <Filter>Source Files\simulation</Filter>
    </ClInclude>
    <ClInclude Include="src\simulation\Simulation.h">
      <Filter>Source Files\simulation</Filter>
    </ClInclude>
    <ClInclude Include="src\simulation\SimulationData.h">
      <Filter>Source Files\simulation</Filter>
    </ClInclude>
    <ClInclude Include="src\simulation\Snapshot.h">
      <Filter>Source Files\simulation</Filter>
    </ClInclude>
    <ClInclude Include="src\simulation\Stickman.h">
      <Filter>Source Files\simulation</Filter>
    </ClInclude>
    <ClInclude Include="src\simulation\StorageClasses.h">
      <Filter>Source Files\simulation</Filter>
    </ClInclude>
    <ClInclude Include="src\simulation\StructProperty.h">
      <Filter>Source Files\simulation</Filter>
    </ClInclude>
    <ClInclude Include="src\simulation\WallType.h">
      <Filter>Source Files\simulation</Filter>
    </ClInclude>
    <ClInclude Include="src\simulation\simtools\SimTool.h">
      <Filter>Source Files\simulation\toolmenutools</Filter>
    </ClInclude>
    <ClInclude Include="src\Activity.h">
      <Filter>Source Files</Filter>
    </ClInclude>
    <ClInclude Include="src\Config.h">
      <Filter>Source Files</Filter>
    </ClInclude>
    <ClInclude Include="src\Controller.h">
      <Filter>Source Files</Filter>
    </ClInclude>
    <ClInclude Include="src\Format.h">
      <Filter>Source Files</Filter>
    </ClInclude>
    <ClInclude Include="src\Misc.h">
      <Filter>Source Files</Filter>
    </ClInclude>
    <ClInclude Include="src\Platform.h">
      <Filter>Source Files</Filter>
    </ClInclude>
    <ClInclude Include="src\PowderToy.h">
      <Filter>Source Files</Filter>
    </ClInclude>
    <ClInclude Include="src\Probability.h">
      <Filter>Source Files</Filter>
    </ClInclude>
    <ClInclude Include="src\Update.h">
      <Filter>Source Files</Filter>
    </ClInclude>
    <ClInclude Include="src\gui\save\ServerSaveActivity.h">
      <Filter>Source Files\gui\saveupload</Filter>
    </ClInclude>
    <ClInclude Include="src\gui\save\LocalSaveActivity.h">
      <Filter>Source Files\gui\localsavecreate</Filter>
    </ClInclude>
    <ClInclude Include="src\json\json.h">
      <Filter>Source Files\libs\json</Filter>
    </ClInclude>
    <ClInclude Include="src\json\json-forwards.h">
      <Filter>Source Files\libs\json</Filter>
    </ClInclude>
    <ClInclude Include="src\debug\ParticleDebug.h">
      <Filter>Source Files\debug</Filter>
    </ClInclude>
    <ClInclude Include="src\client\Download.h">
      <Filter>Source Files\client</Filter>
    </ClInclude>
    <ClInclude Include="src\client\DownloadManager.h">
      <Filter>Source Files\client</Filter>
    </ClInclude>
    <ClInclude Include="src\common\Singleton.h">
      <Filter>Source Files\common</Filter>
    </ClInclude>
    <ClInclude Include="src\common\tpt-thread.h">
      <Filter>Source Files\common</Filter>
    </ClInclude>
    <ClInclude Include="src\gui\game\Favorite.h">
      <Filter>Source Files\game</Filter>
    </ClInclude>
    <ClInclude Include="src\SDLCompat.h">
      <Filter>Source Files\libs\sdl</Filter>
    </ClInclude>
  </ItemGroup>
  <ItemGroup>
    <ResourceCompile Include="resources\powder-res.rc">
      <Filter>Resource Files</Filter>
    </ResourceCompile>
  </ItemGroup>
  <ItemGroup>
    <None Include="src\lua\socket\socket.lua">
      <Filter>Source Files\libs\luasocket</Filter>
    </None>
    <None Include="src\SDLMain.m">
      <Filter>Source Files\libs\sdl</Filter>
    </None>
    <None Include="src\graphics\DrawMethodsDef.inc">
      <Filter>Source Files\graphics</Filter>
    </None>
    <None Include="src\graphics\OpenGLDrawMethods.inl">
      <Filter>Source Files\graphics</Filter>
    </None>
    <None Include="src\graphics\RasterDrawMethods.inl">
      <Filter>Source Files\graphics</Filter>
    </None>
    <None Include="generator.py" />
    <None Include="SConstruct" />
    <None Include="SConscript" />
    <None Include="README" />
  </ItemGroup>
</Project>